// !$*UTF8*$!
{
	archiveVersion = 1;
	classes = {
	};
	objectVersion = 50;
	objects = {

/* Begin PBXBuildFile section */
		2C03FE39239002250092B06D /* Translation Encoder.swift in Sources */ = {isa = PBXBuildFile; fileRef = 2C03FE38239002250092B06D /* Translation Encoder.swift */; };
		2C0B993E239112F100F98BD1 /* Foreign Encoder.swift in Sources */ = {isa = PBXBuildFile; fileRef = 2C0B993D239112F100F98BD1 /* Foreign Encoder.swift */; };
		2C0F8D2B23917ECC00AB33CE /* ApiKeys.plist in Resources */ = {isa = PBXBuildFile; fileRef = 2C0F8D2A23917ECC00AB33CE /* ApiKeys.plist */; };
		2C18E34B238366B0008B9BD6 /* Translate.storyboard in Resources */ = {isa = PBXBuildFile; fileRef = 2C18E34A238366B0008B9BD6 /* Translate.storyboard */; };
		2C18E34D23836744008B9BD6 /* weather.storyboard in Resources */ = {isa = PBXBuildFile; fileRef = 2C18E34C23836744008B9BD6 /* weather.storyboard */; };
		2C18E34F23836785008B9BD6 /* Foreign.storyboard in Resources */ = {isa = PBXBuildFile; fileRef = 2C18E34E23836785008B9BD6 /* Foreign.storyboard */; };
		2C3ED7E9238464DF001554BC /* TabBarViewController.swift in Sources */ = {isa = PBXBuildFile; fileRef = 2C3ED7E8238464DF001554BC /* TabBarViewController.swift */; };
		2C451B93238D343B008E64B8 /* UIView+.swift in Sources */ = {isa = PBXBuildFile; fileRef = 2C451B92238D343B008E64B8 /* UIView+.swift */; };
		2C451B95238D3BDD008E64B8 /* Translate.swift in Sources */ = {isa = PBXBuildFile; fileRef = 2C451B94238D3BDD008E64B8 /* Translate.swift */; };
		2C451B98238D4160008E64B8 /* UIViewController+.swift in Sources */ = {isa = PBXBuildFile; fileRef = 2C451B97238D4160008E64B8 /* UIViewController+.swift */; };
		2C451B9A238E6D73008E64B8 /* Weather.swift in Sources */ = {isa = PBXBuildFile; fileRef = 2C451B99238E6D73008E64B8 /* Weather.swift */; };
		2C451B9E238EE75C008E64B8 /* WeatherTableViewController.swift in Sources */ = {isa = PBXBuildFile; fileRef = 2C451B9D238EE75C008E64B8 /* WeatherTableViewController.swift */; };
		2C60F0542387CD1E00E4DE33 /* StoryboardScenes.swift in Sources */ = {isa = PBXBuildFile; fileRef = 2C60F0502387CD1E00E4DE33 /* StoryboardScenes.swift */; };
		2C60F0552387CD1E00E4DE33 /* StoryboardSegues.swift in Sources */ = {isa = PBXBuildFile; fileRef = 2C60F0512387CD1E00E4DE33 /* StoryboardSegues.swift */; };
		2C60F0562387CD1E00E4DE33 /* Assets.swift in Sources */ = {isa = PBXBuildFile; fileRef = 2C60F0522387CD1E00E4DE33 /* Assets.swift */; };
		2C60F0572387CD1E00E4DE33 /* Strings.swift in Sources */ = {isa = PBXBuildFile; fileRef = 2C60F0532387CD1E00E4DE33 /* Strings.swift */; };
		2CBCF3CD238F2B5C008B4206 /* ApiKey.swift in Sources */ = {isa = PBXBuildFile; fileRef = 2CBCF3CC238F2B5C008B4206 /* ApiKey.swift */; };
		2CD489D123426B4A00329697 /* AppDelegate.swift in Sources */ = {isa = PBXBuildFile; fileRef = 2CD489D023426B4A00329697 /* AppDelegate.swift */; };
		2CD489D323426B4A00329697 /* SceneDelegate.swift in Sources */ = {isa = PBXBuildFile; fileRef = 2CD489D223426B4A00329697 /* SceneDelegate.swift */; };
		2CD489D523426B4A00329697 /* TodayViewController.swift in Sources */ = {isa = PBXBuildFile; fileRef = 2CD489D423426B4A00329697 /* TodayViewController.swift */; };
		2CD489D723426B4A00329697 /* ForeignExchangeViewController.swift in Sources */ = {isa = PBXBuildFile; fileRef = 2CD489D623426B4A00329697 /* ForeignExchangeViewController.swift */; };
		2CD489DA23426B4A00329697 /* Main.storyboard in Resources */ = {isa = PBXBuildFile; fileRef = 2CD489D823426B4A00329697 /* Main.storyboard */; };
		2CD489DC23426B4B00329697 /* Assets.xcassets in Resources */ = {isa = PBXBuildFile; fileRef = 2CD489DB23426B4B00329697 /* Assets.xcassets */; };
		2CD489DF23426B4B00329697 /* LaunchScreen.storyboard in Resources */ = {isa = PBXBuildFile; fileRef = 2CD489DD23426B4B00329697 /* LaunchScreen.storyboard */; };
		2CD489EA23426B4C00329697 /* BaluchonTests.swift in Sources */ = {isa = PBXBuildFile; fileRef = 2CD489E923426B4C00329697 /* BaluchonTests.swift */; };
		2CD489F523426B4C00329697 /* BaluchonUITests.swift in Sources */ = {isa = PBXBuildFile; fileRef = 2CD489F423426B4C00329697 /* BaluchonUITests.swift */; };
		2CD48A082342723A00329697 /* TranslateViewController.swift in Sources */ = {isa = PBXBuildFile; fileRef = 2CD48A072342723A00329697 /* TranslateViewController.swift */; };
		2CE85F11238FCA610047B88F /* Foreign.swift in Sources */ = {isa = PBXBuildFile; fileRef = 2CE85F10238FCA610047B88F /* Foreign.swift */; };
		2CFA7DA323833234002BB0B6 /* Today.storyboard in Resources */ = {isa = PBXBuildFile; fileRef = 2CFA7DA223833234002BB0B6 /* Today.storyboard */; };
		4659F3DBCF37D1349B6656CA /* Pods_Baluchon_BaluchonUITests.framework in Frameworks */ = {isa = PBXBuildFile; fileRef = BE0850EDF963E09FCA0F34A2 /* Pods_Baluchon_BaluchonUITests.framework */; };
		7458F749D40310050BAE3A7A /* Pods_Baluchon.framework in Frameworks */ = {isa = PBXBuildFile; fileRef = 42B059788D6670C4A0B01030 /* Pods_Baluchon.framework */; };
		A9B07388DEA4331BF1D91B7F /* Pods_BaluchonTests.framework in Frameworks */ = {isa = PBXBuildFile; fileRef = CD263A005BFBD0B387E802EA /* Pods_BaluchonTests.framework */; };
/* End PBXBuildFile section */

/* Begin PBXContainerItemProxy section */
		2CD489E623426B4C00329697 /* PBXContainerItemProxy */ = {
			isa = PBXContainerItemProxy;
			containerPortal = 2CD489C523426B4A00329697 /* Project object */;
			proxyType = 1;
			remoteGlobalIDString = 2CD489CC23426B4A00329697;
			remoteInfo = Baluchon;
		};
		2CD489F123426B4C00329697 /* PBXContainerItemProxy */ = {
			isa = PBXContainerItemProxy;
			containerPortal = 2CD489C523426B4A00329697 /* Project object */;
			proxyType = 1;
			remoteGlobalIDString = 2CD489CC23426B4A00329697;
			remoteInfo = Baluchon;
		};
/* End PBXContainerItemProxy section */

/* Begin PBXFileReference section */
		15E492B9D397103A994E39ED /* Pods-BaluchonTests.debug.xcconfig */ = {isa = PBXFileReference; includeInIndex = 1; lastKnownFileType = text.xcconfig; name = "Pods-BaluchonTests.debug.xcconfig"; path = "Target Support Files/Pods-BaluchonTests/Pods-BaluchonTests.debug.xcconfig"; sourceTree = "<group>"; };
		2C03FE38239002250092B06D /* Translation Encoder.swift */ = {isa = PBXFileReference; lastKnownFileType = sourcecode.swift; path = "Translation Encoder.swift"; sourceTree = "<group>"; };
		2C0B993D239112F100F98BD1 /* Foreign Encoder.swift */ = {isa = PBXFileReference; lastKnownFileType = sourcecode.swift; path = "Foreign Encoder.swift"; sourceTree = "<group>"; };
		2C0F8D2A23917ECC00AB33CE /* ApiKeys.plist */ = {isa = PBXFileReference; lastKnownFileType = text.plist.xml; path = ApiKeys.plist; sourceTree = "<group>"; };
		2C18E34A238366B0008B9BD6 /* Translate.storyboard */ = {isa = PBXFileReference; lastKnownFileType = file.storyboard; path = Translate.storyboard; sourceTree = "<group>"; };
		2C18E34C23836744008B9BD6 /* weather.storyboard */ = {isa = PBXFileReference; lastKnownFileType = file.storyboard; path = weather.storyboard; sourceTree = "<group>"; };
		2C18E34E23836785008B9BD6 /* Foreign.storyboard */ = {isa = PBXFileReference; lastKnownFileType = file.storyboard; path = Foreign.storyboard; sourceTree = "<group>"; };
		2C3ED7E8238464DF001554BC /* TabBarViewController.swift */ = {isa = PBXFileReference; lastKnownFileType = sourcecode.swift; path = TabBarViewController.swift; sourceTree = "<group>"; };
		2C451B92238D343B008E64B8 /* UIView+.swift */ = {isa = PBXFileReference; lastKnownFileType = sourcecode.swift; path = "UIView+.swift"; sourceTree = "<group>"; };
		2C451B94238D3BDD008E64B8 /* Translate.swift */ = {isa = PBXFileReference; lastKnownFileType = sourcecode.swift; path = Translate.swift; sourceTree = "<group>"; };
		2C451B97238D4160008E64B8 /* UIViewController+.swift */ = {isa = PBXFileReference; lastKnownFileType = sourcecode.swift; path = "UIViewController+.swift"; sourceTree = "<group>"; };
		2C451B99238E6D73008E64B8 /* Weather.swift */ = {isa = PBXFileReference; lastKnownFileType = sourcecode.swift; path = Weather.swift; sourceTree = "<group>"; };
		2C451B9D238EE75C008E64B8 /* WeatherTableViewController.swift */ = {isa = PBXFileReference; lastKnownFileType = sourcecode.swift; path = WeatherTableViewController.swift; sourceTree = "<group>"; };
		2C60F0502387CD1E00E4DE33 /* StoryboardScenes.swift */ = {isa = PBXFileReference; fileEncoding = 4; lastKnownFileType = sourcecode.swift; path = StoryboardScenes.swift; sourceTree = "<group>"; };
		2C60F0512387CD1E00E4DE33 /* StoryboardSegues.swift */ = {isa = PBXFileReference; fileEncoding = 4; lastKnownFileType = sourcecode.swift; path = StoryboardSegues.swift; sourceTree = "<group>"; };
		2C60F0522387CD1E00E4DE33 /* Assets.swift */ = {isa = PBXFileReference; fileEncoding = 4; lastKnownFileType = sourcecode.swift; path = Assets.swift; sourceTree = "<group>"; };
		2C60F0532387CD1E00E4DE33 /* Strings.swift */ = {isa = PBXFileReference; fileEncoding = 4; lastKnownFileType = sourcecode.swift; path = Strings.swift; sourceTree = "<group>"; };
		2CBCF3CC238F2B5C008B4206 /* ApiKey.swift */ = {isa = PBXFileReference; lastKnownFileType = sourcecode.swift; path = ApiKey.swift; sourceTree = "<group>"; };
		2CD489CD23426B4A00329697 /* Baluchon.app */ = {isa = PBXFileReference; explicitFileType = wrapper.application; includeInIndex = 0; path = Baluchon.app; sourceTree = BUILT_PRODUCTS_DIR; };
		2CD489D023426B4A00329697 /* AppDelegate.swift */ = {isa = PBXFileReference; lastKnownFileType = sourcecode.swift; path = AppDelegate.swift; sourceTree = "<group>"; };
		2CD489D223426B4A00329697 /* SceneDelegate.swift */ = {isa = PBXFileReference; lastKnownFileType = sourcecode.swift; path = SceneDelegate.swift; sourceTree = "<group>"; };
		2CD489D423426B4A00329697 /* TodayViewController.swift */ = {isa = PBXFileReference; lastKnownFileType = sourcecode.swift; path = TodayViewController.swift; sourceTree = "<group>"; };
		2CD489D623426B4A00329697 /* ForeignExchangeViewController.swift */ = {isa = PBXFileReference; lastKnownFileType = sourcecode.swift; path = ForeignExchangeViewController.swift; sourceTree = "<group>"; };
		2CD489D923426B4A00329697 /* Base */ = {isa = PBXFileReference; lastKnownFileType = file.storyboard; name = Base; path = Base.lproj/Main.storyboard; sourceTree = "<group>"; };
		2CD489DB23426B4B00329697 /* Assets.xcassets */ = {isa = PBXFileReference; lastKnownFileType = folder.assetcatalog; path = Assets.xcassets; sourceTree = "<group>"; };
		2CD489DE23426B4B00329697 /* Base */ = {isa = PBXFileReference; lastKnownFileType = file.storyboard; name = Base; path = Base.lproj/LaunchScreen.storyboard; sourceTree = "<group>"; };
		2CD489E023426B4B00329697 /* Info.plist */ = {isa = PBXFileReference; lastKnownFileType = text.plist.xml; path = Info.plist; sourceTree = "<group>"; };
		2CD489E523426B4C00329697 /* BaluchonTests.xctest */ = {isa = PBXFileReference; explicitFileType = wrapper.cfbundle; includeInIndex = 0; path = BaluchonTests.xctest; sourceTree = BUILT_PRODUCTS_DIR; };
		2CD489E923426B4C00329697 /* BaluchonTests.swift */ = {isa = PBXFileReference; lastKnownFileType = sourcecode.swift; path = BaluchonTests.swift; sourceTree = "<group>"; };
		2CD489EB23426B4C00329697 /* Info.plist */ = {isa = PBXFileReference; lastKnownFileType = text.plist.xml; path = Info.plist; sourceTree = "<group>"; };
		2CD489F023426B4C00329697 /* BaluchonUITests.xctest */ = {isa = PBXFileReference; explicitFileType = wrapper.cfbundle; includeInIndex = 0; path = BaluchonUITests.xctest; sourceTree = BUILT_PRODUCTS_DIR; };
		2CD489F423426B4C00329697 /* BaluchonUITests.swift */ = {isa = PBXFileReference; lastKnownFileType = sourcecode.swift; path = BaluchonUITests.swift; sourceTree = "<group>"; };
		2CD489F623426B4C00329697 /* Info.plist */ = {isa = PBXFileReference; lastKnownFileType = text.plist.xml; path = Info.plist; sourceTree = "<group>"; };
		2CD48A072342723A00329697 /* TranslateViewController.swift */ = {isa = PBXFileReference; lastKnownFileType = sourcecode.swift; path = TranslateViewController.swift; sourceTree = "<group>"; };
		2CE85F10238FCA610047B88F /* Foreign.swift */ = {isa = PBXFileReference; lastKnownFileType = sourcecode.swift; path = Foreign.swift; sourceTree = "<group>"; };
		2CFA7DA223833234002BB0B6 /* Today.storyboard */ = {isa = PBXFileReference; lastKnownFileType = file.storyboard; path = Today.storyboard; sourceTree = "<group>"; };
		42B059788D6670C4A0B01030 /* Pods_Baluchon.framework */ = {isa = PBXFileReference; explicitFileType = wrapper.framework; includeInIndex = 0; path = Pods_Baluchon.framework; sourceTree = BUILT_PRODUCTS_DIR; };
		497D385B1E96DEB69AAE136D /* Pods-Baluchon-BaluchonUITests.debug.xcconfig */ = {isa = PBXFileReference; includeInIndex = 1; lastKnownFileType = text.xcconfig; name = "Pods-Baluchon-BaluchonUITests.debug.xcconfig"; path = "Target Support Files/Pods-Baluchon-BaluchonUITests/Pods-Baluchon-BaluchonUITests.debug.xcconfig"; sourceTree = "<group>"; };
		65181737FEC3971F4F3BD73E /* Pods-BaluchonTests.release.xcconfig */ = {isa = PBXFileReference; includeInIndex = 1; lastKnownFileType = text.xcconfig; name = "Pods-BaluchonTests.release.xcconfig"; path = "Target Support Files/Pods-BaluchonTests/Pods-BaluchonTests.release.xcconfig"; sourceTree = "<group>"; };
		693A795D6E48965A917FC9A6 /* Pods-Baluchon-BaluchonUITests.release.xcconfig */ = {isa = PBXFileReference; includeInIndex = 1; lastKnownFileType = text.xcconfig; name = "Pods-Baluchon-BaluchonUITests.release.xcconfig"; path = "Target Support Files/Pods-Baluchon-BaluchonUITests/Pods-Baluchon-BaluchonUITests.release.xcconfig"; sourceTree = "<group>"; };
		BE0850EDF963E09FCA0F34A2 /* Pods_Baluchon_BaluchonUITests.framework */ = {isa = PBXFileReference; explicitFileType = wrapper.framework; includeInIndex = 0; path = Pods_Baluchon_BaluchonUITests.framework; sourceTree = BUILT_PRODUCTS_DIR; };
		C7A59A7AC6F2463CBD8BC936 /* Pods-Baluchon.release.xcconfig */ = {isa = PBXFileReference; includeInIndex = 1; lastKnownFileType = text.xcconfig; name = "Pods-Baluchon.release.xcconfig"; path = "Target Support Files/Pods-Baluchon/Pods-Baluchon.release.xcconfig"; sourceTree = "<group>"; };
		CD263A005BFBD0B387E802EA /* Pods_BaluchonTests.framework */ = {isa = PBXFileReference; explicitFileType = wrapper.framework; includeInIndex = 0; path = Pods_BaluchonTests.framework; sourceTree = BUILT_PRODUCTS_DIR; };
		DE3C7D23BDBA094FE8896E9B /* Pods-Baluchon.debug.xcconfig */ = {isa = PBXFileReference; includeInIndex = 1; lastKnownFileType = text.xcconfig; name = "Pods-Baluchon.debug.xcconfig"; path = "Target Support Files/Pods-Baluchon/Pods-Baluchon.debug.xcconfig"; sourceTree = "<group>"; };
/* End PBXFileReference section */

/* Begin PBXFrameworksBuildPhase section */
		2CD489CA23426B4A00329697 /* Frameworks */ = {
			isa = PBXFrameworksBuildPhase;
			buildActionMask = 2147483647;
			files = (
				7458F749D40310050BAE3A7A /* Pods_Baluchon.framework in Frameworks */,
			);
			runOnlyForDeploymentPostprocessing = 0;
		};
		2CD489E223426B4C00329697 /* Frameworks */ = {
			isa = PBXFrameworksBuildPhase;
			buildActionMask = 2147483647;
			files = (
				A9B07388DEA4331BF1D91B7F /* Pods_BaluchonTests.framework in Frameworks */,
			);
			runOnlyForDeploymentPostprocessing = 0;
		};
		2CD489ED23426B4C00329697 /* Frameworks */ = {
			isa = PBXFrameworksBuildPhase;
			buildActionMask = 2147483647;
			files = (
				4659F3DBCF37D1349B6656CA /* Pods_Baluchon_BaluchonUITests.framework in Frameworks */,
			);
			runOnlyForDeploymentPostprocessing = 0;
		};
/* End PBXFrameworksBuildPhase section */

/* Begin PBXGroup section */
		2C03FE35239001BF0092B06D /* Translate Model */ = {
			isa = PBXGroup;
			children = (
				2C451B94238D3BDD008E64B8 /* Translate.swift */,
				2C03FE38239002250092B06D /* Translation Encoder.swift */,
			);
			path = "Translate Model";
			sourceTree = "<group>";
		};
		2C03FE36239001CE0092B06D /* Weather Model */ = {
			isa = PBXGroup;
			children = (
				2C451B99238E6D73008E64B8 /* Weather.swift */,
			);
			path = "Weather Model";
			sourceTree = "<group>";
		};
		2C03FE37239001E90092B06D /* Foreign Model */ = {
			isa = PBXGroup;
			children = (
				2CE85F10238FCA610047B88F /* Foreign.swift */,
				2C0B993D239112F100F98BD1 /* Foreign Encoder.swift */,
			);
			path = "Foreign Model";
			sourceTree = "<group>";
		};
		2C3ED7E72384648E001554BC /* TabBar */ = {
			isa = PBXGroup;
			children = (
				2C3ED7E8238464DF001554BC /* TabBarViewController.swift */,
				2CD489D823426B4A00329697 /* Main.storyboard */,
			);
			path = TabBar;
			sourceTree = "<group>";
		};
		2C451B96238D413D008E64B8 /* Extension */ = {
			isa = PBXGroup;
			children = (
				2C451B97238D4160008E64B8 /* UIViewController+.swift */,
				2C451B92238D343B008E64B8 /* UIView+.swift */,
			);
			path = Extension;
			sourceTree = "<group>";
		};
		2C60F04D2387C85800E4DE33 /* Generated */ = {
			isa = PBXGroup;
			children = (
				2C60F0522387CD1E00E4DE33 /* Assets.swift */,
				2C60F0502387CD1E00E4DE33 /* StoryboardScenes.swift */,
				2C60F0512387CD1E00E4DE33 /* StoryboardSegues.swift */,
				2C60F0532387CD1E00E4DE33 /* Strings.swift */,
			);
			path = Generated;
			sourceTree = "<group>";
		};
		2C60F04E2387C87A00E4DE33 /* Resources */ = {
			isa = PBXGroup;
			children = (
			);
			path = Resources;
			sourceTree = "<group>";
		};
		2CD489C423426B4A00329697 = {
			isa = PBXGroup;
			children = (
				2CD489CF23426B4A00329697 /* Baluchon */,
				2CD489E823426B4C00329697 /* BaluchonTests */,
				2CD489F323426B4C00329697 /* BaluchonUITests */,
				2CD489CE23426B4A00329697 /* Products */,
				B3DC3F37A9F5E4DB0E09DDF5 /* Pods */,
				D08581F6D6739089B52FC79C /* Frameworks */,
			);
			sourceTree = "<group>";
		};
		2CD489CE23426B4A00329697 /* Products */ = {
			isa = PBXGroup;
			children = (
				2CD489CD23426B4A00329697 /* Baluchon.app */,
				2CD489E523426B4C00329697 /* BaluchonTests.xctest */,
				2CD489F023426B4C00329697 /* BaluchonUITests.xctest */,
			);
			name = Products;
			sourceTree = "<group>";
		};
		2CD489CF23426B4A00329697 /* Baluchon */ = {
			isa = PBXGroup;
			children = (
				2C451B96238D413D008E64B8 /* Extension */,
				2C60F04E2387C87A00E4DE33 /* Resources */,
				2C60F04D2387C85800E4DE33 /* Generated */,
				2CFA7D9D23832F90002BB0B6 /* scene */,
				2CF9565A23438DE900094BAD /* Model */,
				2CD48A042342706B00329697 /* Supporting Files */,
				2CD489E023426B4B00329697 /* Info.plist */,
			);
			path = Baluchon;
			sourceTree = "<group>";
		};
		2CD489E823426B4C00329697 /* BaluchonTests */ = {
			isa = PBXGroup;
			children = (
				2CD489E923426B4C00329697 /* BaluchonTests.swift */,
				2CD489EB23426B4C00329697 /* Info.plist */,
			);
			path = BaluchonTests;
			sourceTree = "<group>";
		};
		2CD489F323426B4C00329697 /* BaluchonUITests */ = {
			isa = PBXGroup;
			children = (
				2CD489F423426B4C00329697 /* BaluchonUITests.swift */,
				2CD489F623426B4C00329697 /* Info.plist */,
			);
			path = BaluchonUITests;
			sourceTree = "<group>";
		};
		2CD48A042342706B00329697 /* Supporting Files */ = {
			isa = PBXGroup;
			children = (
				2CD489D023426B4A00329697 /* AppDelegate.swift */,
				2CD489D223426B4A00329697 /* SceneDelegate.swift */,
				2CD489DB23426B4B00329697 /* Assets.xcassets */,
				2CD489DD23426B4B00329697 /* LaunchScreen.storyboard */,
				2CBCF3CC238F2B5C008B4206 /* ApiKey.swift */,
				2C0F8D2A23917ECC00AB33CE /* ApiKeys.plist */,
			);
			path = "Supporting Files";
			sourceTree = "<group>";
		};
		2CF9565A23438DE900094BAD /* Model */ = {
			isa = PBXGroup;
			children = (
				2C03FE37239001E90092B06D /* Foreign Model */,
				2C03FE36239001CE0092B06D /* Weather Model */,
				2C03FE35239001BF0092B06D /* Translate Model */,
			);
			path = Model;
			sourceTree = "<group>";
		};
		2CFA7D9D23832F90002BB0B6 /* scene */ = {
			isa = PBXGroup;
			children = (
				2C3ED7E72384648E001554BC /* TabBar */,
				2CFA7DA123833033002BB0B6 /* Today */,
				2CFA7DA023833023002BB0B6 /* Translate */,
				2CFA7D9F23833019002BB0B6 /* Weather */,
				2CFA7D9E2383300B002BB0B6 /* Foreign */,
			);
			path = scene;
			sourceTree = "<group>";
		};
		2CFA7D9E2383300B002BB0B6 /* Foreign */ = {
			isa = PBXGroup;
			children = (
				2CD489D623426B4A00329697 /* ForeignExchangeViewController.swift */,
				2C18E34E23836785008B9BD6 /* Foreign.storyboard */,
			);
			path = Foreign;
			sourceTree = "<group>";
		};
		2CFA7D9F23833019002BB0B6 /* Weather */ = {
			isa = PBXGroup;
			children = (
				2C451B9D238EE75C008E64B8 /* WeatherTableViewController.swift */,
				2C18E34C23836744008B9BD6 /* weather.storyboard */,
			);
			path = Weather;
			sourceTree = "<group>";
		};
		2CFA7DA023833023002BB0B6 /* Translate */ = {
			isa = PBXGroup;
			children = (
				2CD48A072342723A00329697 /* TranslateViewController.swift */,
				2C18E34A238366B0008B9BD6 /* Translate.storyboard */,
			);
			path = Translate;
			sourceTree = "<group>";
		};
		2CFA7DA123833033002BB0B6 /* Today */ = {
			isa = PBXGroup;
			children = (
				2CD489D423426B4A00329697 /* TodayViewController.swift */,
				2CFA7DA223833234002BB0B6 /* Today.storyboard */,
			);
			path = Today;
			sourceTree = "<group>";
		};
		B3DC3F37A9F5E4DB0E09DDF5 /* Pods */ = {
			isa = PBXGroup;
			children = (
				DE3C7D23BDBA094FE8896E9B /* Pods-Baluchon.debug.xcconfig */,
				C7A59A7AC6F2463CBD8BC936 /* Pods-Baluchon.release.xcconfig */,
				497D385B1E96DEB69AAE136D /* Pods-Baluchon-BaluchonUITests.debug.xcconfig */,
				693A795D6E48965A917FC9A6 /* Pods-Baluchon-BaluchonUITests.release.xcconfig */,
				15E492B9D397103A994E39ED /* Pods-BaluchonTests.debug.xcconfig */,
				65181737FEC3971F4F3BD73E /* Pods-BaluchonTests.release.xcconfig */,
			);
			path = Pods;
			sourceTree = "<group>";
		};
		D08581F6D6739089B52FC79C /* Frameworks */ = {
			isa = PBXGroup;
			children = (
				42B059788D6670C4A0B01030 /* Pods_Baluchon.framework */,
				BE0850EDF963E09FCA0F34A2 /* Pods_Baluchon_BaluchonUITests.framework */,
				CD263A005BFBD0B387E802EA /* Pods_BaluchonTests.framework */,
			);
			name = Frameworks;
			sourceTree = "<group>";
		};
/* End PBXGroup section */

/* Begin PBXNativeTarget section */
		2CD489CC23426B4A00329697 /* Baluchon */ = {
			isa = PBXNativeTarget;
			buildConfigurationList = 2CD489F923426B4C00329697 /* Build configuration list for PBXNativeTarget "Baluchon" */;
			buildPhases = (
				64A43BD5708E5EF9DF871259 /* [CP] Check Pods Manifest.lock */,
				2CD489C923426B4A00329697 /* Sources */,
				2CD489CA23426B4A00329697 /* Frameworks */,
				2CD489CB23426B4A00329697 /* Resources */,
				2C9F00AC238455E000F9526B /* Swiftlint */,
			);
			buildRules = (
			);
			dependencies = (
			);
			name = Baluchon;
			productName = Baluchon;
			productReference = 2CD489CD23426B4A00329697 /* Baluchon.app */;
			productType = "com.apple.product-type.application";
		};
		2CD489E423426B4C00329697 /* BaluchonTests */ = {
			isa = PBXNativeTarget;
			buildConfigurationList = 2CD489FC23426B4C00329697 /* Build configuration list for PBXNativeTarget "BaluchonTests" */;
			buildPhases = (
				B451E02B39D8F669E22DDD3F /* [CP] Check Pods Manifest.lock */,
				2CD489E123426B4C00329697 /* Sources */,
				2CD489E223426B4C00329697 /* Frameworks */,
				2CD489E323426B4C00329697 /* Resources */,
			);
			buildRules = (
			);
			dependencies = (
				2CD489E723426B4C00329697 /* PBXTargetDependency */,
			);
			name = BaluchonTests;
			productName = BaluchonTests;
			productReference = 2CD489E523426B4C00329697 /* BaluchonTests.xctest */;
			productType = "com.apple.product-type.bundle.unit-test";
		};
		2CD489EF23426B4C00329697 /* BaluchonUITests */ = {
			isa = PBXNativeTarget;
			buildConfigurationList = 2CD489FF23426B4C00329697 /* Build configuration list for PBXNativeTarget "BaluchonUITests" */;
			buildPhases = (
				D1EDE20F9DC41306A63C23AC /* [CP] Check Pods Manifest.lock */,
				2CD489EC23426B4C00329697 /* Sources */,
				2CD489ED23426B4C00329697 /* Frameworks */,
				2CD489EE23426B4C00329697 /* Resources */,
			);
			buildRules = (
			);
			dependencies = (
				2CD489F223426B4C00329697 /* PBXTargetDependency */,
			);
			name = BaluchonUITests;
			productName = BaluchonUITests;
			productReference = 2CD489F023426B4C00329697 /* BaluchonUITests.xctest */;
			productType = "com.apple.product-type.bundle.ui-testing";
		};
/* End PBXNativeTarget section */

/* Begin PBXProject section */
		2CD489C523426B4A00329697 /* Project object */ = {
			isa = PBXProject;
			attributes = {
				LastSwiftUpdateCheck = 1100;
				LastUpgradeCheck = 1100;
				ORGANIZATIONNAME = "Fabrice Etiennette";
				TargetAttributes = {
					2CD489CC23426B4A00329697 = {
						CreatedOnToolsVersion = 11.0;
					};
					2CD489E423426B4C00329697 = {
						CreatedOnToolsVersion = 11.0;
						TestTargetID = 2CD489CC23426B4A00329697;
					};
					2CD489EF23426B4C00329697 = {
						CreatedOnToolsVersion = 11.0;
						TestTargetID = 2CD489CC23426B4A00329697;
					};
				};
			};
			buildConfigurationList = 2CD489C823426B4A00329697 /* Build configuration list for PBXProject "Baluchon" */;
			compatibilityVersion = "Xcode 9.3";
			developmentRegion = en;
			hasScannedForEncodings = 0;
			knownRegions = (
				en,
				Base,
			);
			mainGroup = 2CD489C423426B4A00329697;
			productRefGroup = 2CD489CE23426B4A00329697 /* Products */;
			projectDirPath = "";
			projectRoot = "";
			targets = (
				2CD489CC23426B4A00329697 /* Baluchon */,
				2CD489E423426B4C00329697 /* BaluchonTests */,
				2CD489EF23426B4C00329697 /* BaluchonUITests */,
			);
		};
/* End PBXProject section */

/* Begin PBXResourcesBuildPhase section */
		2CD489CB23426B4A00329697 /* Resources */ = {
			isa = PBXResourcesBuildPhase;
			buildActionMask = 2147483647;
			files = (
				2CFA7DA323833234002BB0B6 /* Today.storyboard in Resources */,
				2C18E34D23836744008B9BD6 /* weather.storyboard in Resources */,
				2C18E34F23836785008B9BD6 /* Foreign.storyboard in Resources */,
				2CD489DF23426B4B00329697 /* LaunchScreen.storyboard in Resources */,
				2C18E34B238366B0008B9BD6 /* Translate.storyboard in Resources */,
				2C0F8D2B23917ECC00AB33CE /* ApiKeys.plist in Resources */,
				2CD489DC23426B4B00329697 /* Assets.xcassets in Resources */,
				2CD489DA23426B4A00329697 /* Main.storyboard in Resources */,
			);
			runOnlyForDeploymentPostprocessing = 0;
		};
		2CD489E323426B4C00329697 /* Resources */ = {
			isa = PBXResourcesBuildPhase;
			buildActionMask = 2147483647;
			files = (
			);
			runOnlyForDeploymentPostprocessing = 0;
		};
		2CD489EE23426B4C00329697 /* Resources */ = {
			isa = PBXResourcesBuildPhase;
			buildActionMask = 2147483647;
			files = (
			);
			runOnlyForDeploymentPostprocessing = 0;
		};
/* End PBXResourcesBuildPhase section */

/* Begin PBXShellScriptBuildPhase section */
		2C9F00AC238455E000F9526B /* Swiftlint */ = {
			isa = PBXShellScriptBuildPhase;
			buildActionMask = 2147483647;
			files = (
			);
			inputFileListPaths = (
			);
			inputPaths = (
			);
			name = Swiftlint;
			outputFileListPaths = (
			);
			outputPaths = (
			);
			runOnlyForDeploymentPostprocessing = 0;
			shellPath = /bin/sh;
			shellScript = "if which swiftlint >/dev/null; then\n  swiftlint\nelse\n  echo \"warning: SwiftLint not installed, download from https://github.com/realm/SwiftLint\"\nfi\n";
		};
		64A43BD5708E5EF9DF871259 /* [CP] Check Pods Manifest.lock */ = {
			isa = PBXShellScriptBuildPhase;
			buildActionMask = 2147483647;
			files = (
			);
			inputFileListPaths = (
			);
			inputPaths = (
				"${PODS_PODFILE_DIR_PATH}/Podfile.lock",
				"${PODS_ROOT}/Manifest.lock",
			);
			name = "[CP] Check Pods Manifest.lock";
			outputFileListPaths = (
			);
			outputPaths = (
				"$(DERIVED_FILE_DIR)/Pods-Baluchon-checkManifestLockResult.txt",
			);
			runOnlyForDeploymentPostprocessing = 0;
			shellPath = /bin/sh;
			shellScript = "diff \"${PODS_PODFILE_DIR_PATH}/Podfile.lock\" \"${PODS_ROOT}/Manifest.lock\" > /dev/null\nif [ $? != 0 ] ; then\n    # print error to STDERR\n    echo \"error: The sandbox is not in sync with the Podfile.lock. Run 'pod install' or update your CocoaPods installation.\" >&2\n    exit 1\nfi\n# This output is used by Xcode 'outputs' to avoid re-running this script phase.\necho \"SUCCESS\" > \"${SCRIPT_OUTPUT_FILE_0}\"\n";
			showEnvVarsInLog = 0;
		};
		B451E02B39D8F669E22DDD3F /* [CP] Check Pods Manifest.lock */ = {
			isa = PBXShellScriptBuildPhase;
			buildActionMask = 2147483647;
			files = (
			);
			inputFileListPaths = (
			);
			inputPaths = (
				"${PODS_PODFILE_DIR_PATH}/Podfile.lock",
				"${PODS_ROOT}/Manifest.lock",
			);
			name = "[CP] Check Pods Manifest.lock";
			outputFileListPaths = (
			);
			outputPaths = (
				"$(DERIVED_FILE_DIR)/Pods-BaluchonTests-checkManifestLockResult.txt",
			);
			runOnlyForDeploymentPostprocessing = 0;
			shellPath = /bin/sh;
			shellScript = "diff \"${PODS_PODFILE_DIR_PATH}/Podfile.lock\" \"${PODS_ROOT}/Manifest.lock\" > /dev/null\nif [ $? != 0 ] ; then\n    # print error to STDERR\n    echo \"error: The sandbox is not in sync with the Podfile.lock. Run 'pod install' or update your CocoaPods installation.\" >&2\n    exit 1\nfi\n# This output is used by Xcode 'outputs' to avoid re-running this script phase.\necho \"SUCCESS\" > \"${SCRIPT_OUTPUT_FILE_0}\"\n";
			showEnvVarsInLog = 0;
		};
		D1EDE20F9DC41306A63C23AC /* [CP] Check Pods Manifest.lock */ = {
			isa = PBXShellScriptBuildPhase;
			buildActionMask = 2147483647;
			files = (
			);
			inputFileListPaths = (
			);
			inputPaths = (
				"${PODS_PODFILE_DIR_PATH}/Podfile.lock",
				"${PODS_ROOT}/Manifest.lock",
			);
			name = "[CP] Check Pods Manifest.lock";
			outputFileListPaths = (
			);
			outputPaths = (
				"$(DERIVED_FILE_DIR)/Pods-Baluchon-BaluchonUITests-checkManifestLockResult.txt",
			);
			runOnlyForDeploymentPostprocessing = 0;
			shellPath = /bin/sh;
			shellScript = "diff \"${PODS_PODFILE_DIR_PATH}/Podfile.lock\" \"${PODS_ROOT}/Manifest.lock\" > /dev/null\nif [ $? != 0 ] ; then\n    # print error to STDERR\n    echo \"error: The sandbox is not in sync with the Podfile.lock. Run 'pod install' or update your CocoaPods installation.\" >&2\n    exit 1\nfi\n# This output is used by Xcode 'outputs' to avoid re-running this script phase.\necho \"SUCCESS\" > \"${SCRIPT_OUTPUT_FILE_0}\"\n";
			showEnvVarsInLog = 0;
		};
/* End PBXShellScriptBuildPhase section */

/* Begin PBXSourcesBuildPhase section */
		2CD489C923426B4A00329697 /* Sources */ = {
			isa = PBXSourcesBuildPhase;
			buildActionMask = 2147483647;
			files = (
				2C451B98238D4160008E64B8 /* UIViewController+.swift in Sources */,
				2C451B93238D343B008E64B8 /* UIView+.swift in Sources */,
				2CE85F11238FCA610047B88F /* Foreign.swift in Sources */,
				2CD489D723426B4A00329697 /* ForeignExchangeViewController.swift in Sources */,
				2C60F0572387CD1E00E4DE33 /* Strings.swift in Sources */,
				2C451B9E238EE75C008E64B8 /* WeatherTableViewController.swift in Sources */,
				2C451B95238D3BDD008E64B8 /* Translate.swift in Sources */,
				2C451B9A238E6D73008E64B8 /* Weather.swift in Sources */,
				2CD489D523426B4A00329697 /* TodayViewController.swift in Sources */,
				2C60F0542387CD1E00E4DE33 /* StoryboardScenes.swift in Sources */,
				2CD489D123426B4A00329697 /* AppDelegate.swift in Sources */,
				2C03FE39239002250092B06D /* Translation Encoder.swift in Sources */,
				2C0B993E239112F100F98BD1 /* Foreign Encoder.swift in Sources */,
				2CBCF3CD238F2B5C008B4206 /* ApiKey.swift in Sources */,
				2C3ED7E9238464DF001554BC /* TabBarViewController.swift in Sources */,
				2C60F0552387CD1E00E4DE33 /* StoryboardSegues.swift in Sources */,
				2CD489D323426B4A00329697 /* SceneDelegate.swift in Sources */,
				2C60F0562387CD1E00E4DE33 /* Assets.swift in Sources */,
				2CD48A082342723A00329697 /* TranslateViewController.swift in Sources */,
			);
			runOnlyForDeploymentPostprocessing = 0;
		};
		2CD489E123426B4C00329697 /* Sources */ = {
			isa = PBXSourcesBuildPhase;
			buildActionMask = 2147483647;
			files = (
				2CD489EA23426B4C00329697 /* BaluchonTests.swift in Sources */,
			);
			runOnlyForDeploymentPostprocessing = 0;
		};
		2CD489EC23426B4C00329697 /* Sources */ = {
			isa = PBXSourcesBuildPhase;
			buildActionMask = 2147483647;
			files = (
				2CD489F523426B4C00329697 /* BaluchonUITests.swift in Sources */,
			);
			runOnlyForDeploymentPostprocessing = 0;
		};
/* End PBXSourcesBuildPhase section */

/* Begin PBXTargetDependency section */
		2CD489E723426B4C00329697 /* PBXTargetDependency */ = {
			isa = PBXTargetDependency;
			target = 2CD489CC23426B4A00329697 /* Baluchon */;
			targetProxy = 2CD489E623426B4C00329697 /* PBXContainerItemProxy */;
		};
		2CD489F223426B4C00329697 /* PBXTargetDependency */ = {
			isa = PBXTargetDependency;
			target = 2CD489CC23426B4A00329697 /* Baluchon */;
			targetProxy = 2CD489F123426B4C00329697 /* PBXContainerItemProxy */;
		};
/* End PBXTargetDependency section */

/* Begin PBXVariantGroup section */
		2CD489D823426B4A00329697 /* Main.storyboard */ = {
			isa = PBXVariantGroup;
			children = (
				2CD489D923426B4A00329697 /* Base */,
			);
			name = Main.storyboard;
			sourceTree = "<group>";
		};
		2CD489DD23426B4B00329697 /* LaunchScreen.storyboard */ = {
			isa = PBXVariantGroup;
			children = (
				2CD489DE23426B4B00329697 /* Base */,
			);
			name = LaunchScreen.storyboard;
			sourceTree = "<group>";
		};
/* End PBXVariantGroup section */

/* Begin XCBuildConfiguration section */
		2CD489F723426B4C00329697 /* Debug */ = {
			isa = XCBuildConfiguration;
			buildSettings = {
				ALWAYS_SEARCH_USER_PATHS = NO;
				CLANG_ANALYZER_NONNULL = YES;
				CLANG_ANALYZER_NUMBER_OBJECT_CONVERSION = YES_AGGRESSIVE;
				CLANG_CXX_LANGUAGE_STANDARD = "gnu++14";
				CLANG_CXX_LIBRARY = "libc++";
				CLANG_ENABLE_MODULES = YES;
				CLANG_ENABLE_OBJC_ARC = YES;
				CLANG_ENABLE_OBJC_WEAK = YES;
				CLANG_WARN_BLOCK_CAPTURE_AUTORELEASING = YES;
				CLANG_WARN_BOOL_CONVERSION = YES;
				CLANG_WARN_COMMA = YES;
				CLANG_WARN_CONSTANT_CONVERSION = YES;
				CLANG_WARN_DEPRECATED_OBJC_IMPLEMENTATIONS = YES;
				CLANG_WARN_DIRECT_OBJC_ISA_USAGE = YES_ERROR;
				CLANG_WARN_DOCUMENTATION_COMMENTS = YES;
				CLANG_WARN_EMPTY_BODY = YES;
				CLANG_WARN_ENUM_CONVERSION = YES;
				CLANG_WARN_INFINITE_RECURSION = YES;
				CLANG_WARN_INT_CONVERSION = YES;
				CLANG_WARN_NON_LITERAL_NULL_CONVERSION = YES;
				CLANG_WARN_OBJC_IMPLICIT_RETAIN_SELF = YES;
				CLANG_WARN_OBJC_LITERAL_CONVERSION = YES;
				CLANG_WARN_OBJC_ROOT_CLASS = YES_ERROR;
				CLANG_WARN_RANGE_LOOP_ANALYSIS = YES;
				CLANG_WARN_STRICT_PROTOTYPES = YES;
				CLANG_WARN_SUSPICIOUS_MOVE = YES;
				CLANG_WARN_UNGUARDED_AVAILABILITY = YES_AGGRESSIVE;
				CLANG_WARN_UNREACHABLE_CODE = YES;
				CLANG_WARN__DUPLICATE_METHOD_MATCH = YES;
				COPY_PHASE_STRIP = NO;
				DEBUG_INFORMATION_FORMAT = dwarf;
				ENABLE_STRICT_OBJC_MSGSEND = YES;
				ENABLE_TESTABILITY = YES;
				GCC_C_LANGUAGE_STANDARD = gnu11;
				GCC_DYNAMIC_NO_PIC = NO;
				GCC_NO_COMMON_BLOCKS = YES;
				GCC_OPTIMIZATION_LEVEL = 0;
				GCC_PREPROCESSOR_DEFINITIONS = (
					"DEBUG=1",
					"$(inherited)",
				);
				GCC_WARN_64_TO_32_BIT_CONVERSION = YES;
				GCC_WARN_ABOUT_RETURN_TYPE = YES_ERROR;
				GCC_WARN_UNDECLARED_SELECTOR = YES;
				GCC_WARN_UNINITIALIZED_AUTOS = YES_AGGRESSIVE;
				GCC_WARN_UNUSED_FUNCTION = YES;
				GCC_WARN_UNUSED_VARIABLE = YES;
				IPHONEOS_DEPLOYMENT_TARGET = 13.0;
				MTL_ENABLE_DEBUG_INFO = INCLUDE_SOURCE;
				MTL_FAST_MATH = YES;
				ONLY_ACTIVE_ARCH = YES;
				SDKROOT = iphoneos;
				SWIFT_ACTIVE_COMPILATION_CONDITIONS = DEBUG;
				SWIFT_OPTIMIZATION_LEVEL = "-Onone";
			};
			name = Debug;
		};
		2CD489F823426B4C00329697 /* Release */ = {
			isa = XCBuildConfiguration;
			buildSettings = {
				ALWAYS_SEARCH_USER_PATHS = NO;
				CLANG_ANALYZER_NONNULL = YES;
				CLANG_ANALYZER_NUMBER_OBJECT_CONVERSION = YES_AGGRESSIVE;
				CLANG_CXX_LANGUAGE_STANDARD = "gnu++14";
				CLANG_CXX_LIBRARY = "libc++";
				CLANG_ENABLE_MODULES = YES;
				CLANG_ENABLE_OBJC_ARC = YES;
				CLANG_ENABLE_OBJC_WEAK = YES;
				CLANG_WARN_BLOCK_CAPTURE_AUTORELEASING = YES;
				CLANG_WARN_BOOL_CONVERSION = YES;
				CLANG_WARN_COMMA = YES;
				CLANG_WARN_CONSTANT_CONVERSION = YES;
				CLANG_WARN_DEPRECATED_OBJC_IMPLEMENTATIONS = YES;
				CLANG_WARN_DIRECT_OBJC_ISA_USAGE = YES_ERROR;
				CLANG_WARN_DOCUMENTATION_COMMENTS = YES;
				CLANG_WARN_EMPTY_BODY = YES;
				CLANG_WARN_ENUM_CONVERSION = YES;
				CLANG_WARN_INFINITE_RECURSION = YES;
				CLANG_WARN_INT_CONVERSION = YES;
				CLANG_WARN_NON_LITERAL_NULL_CONVERSION = YES;
				CLANG_WARN_OBJC_IMPLICIT_RETAIN_SELF = YES;
				CLANG_WARN_OBJC_LITERAL_CONVERSION = YES;
				CLANG_WARN_OBJC_ROOT_CLASS = YES_ERROR;
				CLANG_WARN_RANGE_LOOP_ANALYSIS = YES;
				CLANG_WARN_STRICT_PROTOTYPES = YES;
				CLANG_WARN_SUSPICIOUS_MOVE = YES;
				CLANG_WARN_UNGUARDED_AVAILABILITY = YES_AGGRESSIVE;
				CLANG_WARN_UNREACHABLE_CODE = YES;
				CLANG_WARN__DUPLICATE_METHOD_MATCH = YES;
				COPY_PHASE_STRIP = NO;
				DEBUG_INFORMATION_FORMAT = "dwarf-with-dsym";
				ENABLE_NS_ASSERTIONS = NO;
				ENABLE_STRICT_OBJC_MSGSEND = YES;
				GCC_C_LANGUAGE_STANDARD = gnu11;
				GCC_NO_COMMON_BLOCKS = YES;
				GCC_WARN_64_TO_32_BIT_CONVERSION = YES;
				GCC_WARN_ABOUT_RETURN_TYPE = YES_ERROR;
				GCC_WARN_UNDECLARED_SELECTOR = YES;
				GCC_WARN_UNINITIALIZED_AUTOS = YES_AGGRESSIVE;
				GCC_WARN_UNUSED_FUNCTION = YES;
				GCC_WARN_UNUSED_VARIABLE = YES;
				IPHONEOS_DEPLOYMENT_TARGET = 13.0;
				MTL_ENABLE_DEBUG_INFO = NO;
				MTL_FAST_MATH = YES;
				SDKROOT = iphoneos;
				SWIFT_COMPILATION_MODE = wholemodule;
				SWIFT_OPTIMIZATION_LEVEL = "-O";
				VALIDATE_PRODUCT = YES;
			};
			name = Release;
		};
		2CD489FA23426B4C00329697 /* Debug */ = {
			isa = XCBuildConfiguration;
			baseConfigurationReference = DE3C7D23BDBA094FE8896E9B /* Pods-Baluchon.debug.xcconfig */;
			buildSettings = {
				ASSETCATALOG_COMPILER_APPICON_NAME = AppIcon;
				CODE_SIGN_STYLE = Automatic;
				DEVELOPMENT_TEAM = B27HT7JX8Q;
				INFOPLIST_FILE = Baluchon/Info.plist;
				LD_RUNPATH_SEARCH_PATHS = (
					"$(inherited)",
					"@executable_path/Frameworks",
				);
				PRODUCT_BUNDLE_IDENTIFIER = io.fabricetiennette.Baluchon;
				PRODUCT_NAME = "$(TARGET_NAME)";
				SWIFT_VERSION = 5.0;
				TARGETED_DEVICE_FAMILY = 1;
			};
			name = Debug;
		};
		2CD489FB23426B4C00329697 /* Release */ = {
			isa = XCBuildConfiguration;
			baseConfigurationReference = C7A59A7AC6F2463CBD8BC936 /* Pods-Baluchon.release.xcconfig */;
			buildSettings = {
				ASSETCATALOG_COMPILER_APPICON_NAME = AppIcon;
				CODE_SIGN_STYLE = Automatic;
				DEVELOPMENT_TEAM = B27HT7JX8Q;
				INFOPLIST_FILE = Baluchon/Info.plist;
				LD_RUNPATH_SEARCH_PATHS = (
					"$(inherited)",
					"@executable_path/Frameworks",
				);
				PRODUCT_BUNDLE_IDENTIFIER = io.fabricetiennette.Baluchon;
				PRODUCT_NAME = "$(TARGET_NAME)";
				SWIFT_VERSION = 5.0;
				TARGETED_DEVICE_FAMILY = 1;
			};
			name = Release;
		};
		2CD489FD23426B4C00329697 /* Debug */ = {
			isa = XCBuildConfiguration;
			baseConfigurationReference = 15E492B9D397103A994E39ED /* Pods-BaluchonTests.debug.xcconfig */;
			buildSettings = {
				ALWAYS_EMBED_SWIFT_STANDARD_LIBRARIES = YES;
				BUNDLE_LOADER = "$(TEST_HOST)";
				CODE_SIGN_STYLE = Automatic;
				DEVELOPMENT_TEAM = B27HT7JX8Q;
				INFOPLIST_FILE = BaluchonTests/Info.plist;
				IPHONEOS_DEPLOYMENT_TARGET = 13.0;
				LD_RUNPATH_SEARCH_PATHS = (
					"$(inherited)",
					"@executable_path/Frameworks",
					"@loader_path/Frameworks",
				);
				PRODUCT_BUNDLE_IDENTIFIER = io.fabricetiennette.BaluchonTests;
				PRODUCT_NAME = "$(TARGET_NAME)";
				SWIFT_VERSION = 5.0;
				TARGETED_DEVICE_FAMILY = "1,2";
				TEST_HOST = "$(BUILT_PRODUCTS_DIR)/Baluchon.app/Baluchon";
			};
			name = Debug;
		};
		2CD489FE23426B4C00329697 /* Release */ = {
			isa = XCBuildConfiguration;
			baseConfigurationReference = 65181737FEC3971F4F3BD73E /* Pods-BaluchonTests.release.xcconfig */;
			buildSettings = {
				ALWAYS_EMBED_SWIFT_STANDARD_LIBRARIES = YES;
				BUNDLE_LOADER = "$(TEST_HOST)";
				CODE_SIGN_STYLE = Automatic;
				DEVELOPMENT_TEAM = B27HT7JX8Q;
				INFOPLIST_FILE = BaluchonTests/Info.plist;
				IPHONEOS_DEPLOYMENT_TARGET = 13.0;
				LD_RUNPATH_SEARCH_PATHS = (
					"$(inherited)",
					"@executable_path/Frameworks",
					"@loader_path/Frameworks",
				);
				PRODUCT_BUNDLE_IDENTIFIER = io.fabricetiennette.BaluchonTests;
				PRODUCT_NAME = "$(TARGET_NAME)";
				SWIFT_VERSION = 5.0;
				TARGETED_DEVICE_FAMILY = "1,2";
				TEST_HOST = "$(BUILT_PRODUCTS_DIR)/Baluchon.app/Baluchon";
			};
			name = Release;
		};
		2CD48A0023426B4C00329697 /* Debug */ = {
			isa = XCBuildConfiguration;
			baseConfigurationReference = 497D385B1E96DEB69AAE136D /* Pods-Baluchon-BaluchonUITests.debug.xcconfig */;
			buildSettings = {
				ALWAYS_EMBED_SWIFT_STANDARD_LIBRARIES = YES;
				CODE_SIGN_STYLE = Automatic;
				DEVELOPMENT_TEAM = B27HT7JX8Q;
				INFOPLIST_FILE = BaluchonUITests/Info.plist;
				LD_RUNPATH_SEARCH_PATHS = (
					"$(inherited)",
					"@executable_path/Frameworks",
					"@loader_path/Frameworks",
				);
				PRODUCT_BUNDLE_IDENTIFIER = io.fabricetiennette.BaluchonUITests;
				PRODUCT_NAME = "$(TARGET_NAME)";
				SWIFT_VERSION = 5.0;
				TARGETED_DEVICE_FAMILY = "1,2";
				TEST_TARGET_NAME = Baluchon;
			};
			name = Debug;
		};
		2CD48A0123426B4C00329697 /* Release */ = {
			isa = XCBuildConfiguration;
			baseConfigurationReference = 693A795D6E48965A917FC9A6 /* Pods-Baluchon-BaluchonUITests.release.xcconfig */;
			buildSettings = {
				ALWAYS_EMBED_SWIFT_STANDARD_LIBRARIES = YES;
				CODE_SIGN_STYLE = Automatic;
				DEVELOPMENT_TEAM = B27HT7JX8Q;
				INFOPLIST_FILE = BaluchonUITests/Info.plist;
				LD_RUNPATH_SEARCH_PATHS = (
					"$(inherited)",
					"@executable_path/Frameworks",
					"@loader_path/Frameworks",
				);
				PRODUCT_BUNDLE_IDENTIFIER = io.fabricetiennette.BaluchonUITests;
				PRODUCT_NAME = "$(TARGET_NAME)";
				SWIFT_VERSION = 5.0;
				TARGETED_DEVICE_FAMILY = "1,2";
				TEST_TARGET_NAME = Baluchon;
			};
			name = Release;
		};
/* End XCBuildConfiguration section */

/* Begin XCConfigurationList section */
		2CD489C823426B4A00329697 /* Build configuration list for PBXProject "Baluchon" */ = {
			isa = XCConfigurationList;
			buildConfigurations = (
				2CD489F723426B4C00329697 /* Debug */,
				2CD489F823426B4C00329697 /* Release */,
			);
			defaultConfigurationIsVisible = 0;
			defaultConfigurationName = Release;
		};
		2CD489F923426B4C00329697 /* Build configuration list for PBXNativeTarget "Baluchon" */ = {
			isa = XCConfigurationList;
			buildConfigurations = (
				2CD489FA23426B4C00329697 /* Debug */,
				2CD489FB23426B4C00329697 /* Release */,
			);
			defaultConfigurationIsVisible = 0;
			defaultConfigurationName = Release;
		};
		2CD489FC23426B4C00329697 /* Build configuration list for PBXNativeTarget "BaluchonTests" */ = {
			isa = XCConfigurationList;
			buildConfigurations = (
				2CD489FD23426B4C00329697 /* Debug */,
				2CD489FE23426B4C00329697 /* Release */,
			);
			defaultConfigurationIsVisible = 0;
			defaultConfigurationName = Release;
		};
		2CD489FF23426B4C00329697 /* Build configuration list for PBXNativeTarget "BaluchonUITests" */ = {
			isa = XCConfigurationList;
			buildConfigurations = (
				2CD48A0023426B4C00329697 /* Debug */,
				2CD48A0123426B4C00329697 /* Release */,
			);
			defaultConfigurationIsVisible = 0;
			defaultConfigurationName = Release;
		};
/* End XCConfigurationList section */
	};
	rootObject = 2CD489C523426B4A00329697 /* Project object */;
}
